
Microsoft Visual Studio Solution File, Format Version 12.00
# Visual Studio 15
VisualStudioVersion = 15.0.26430.16
MinimumVisualStudioVersion = 10.0.40219.1
Project("{FAE04EC0-301F-11D3-BF4B-00C04F79EFBC}") = "RealEstateLibraryCS", "RealEstateLibraryCS\RealEstateLibraryCS.csproj", "{5683E752-F305-4F14-8336-2FC840E34952}"
EndProject
Project("{FAE04EC0-301F-11D3-BF4B-00C04F79EFBC}") = "HomesForSaleExeCS", "HomesForSaleExeCS\HomesForSaleExeCS.csproj", "{8B9709AB-914B-4254-941D-83C86952C2A3}"
EndProject
Global
	GlobalSection(SolutionConfigurationPlatforms) = preSolution
		Debug|Any CPU = Debug|Any CPU
		Release|Any CPU = Release|Any CPU
	EndGlobalSection
	GlobalSection(ProjectConfigurationPlatforms) = postSolution
		{5683E752-F305-4F14-8336-2FC840E34952}.Debug|Any CPU.ActiveCfg = Debug|Any CPU
		{5683E752-F305-4F14-8336-2FC840E34952}.Debug|Any CPU.Build.0 = Debug|Any CPU
		{5683E752-F305-4F14-8336-2FC840E34952}.Release|Any CPU.ActiveCfg = Release|Any CPU
		{5683E752-F305-4F14-8336-2FC840E34952}.Release|Any CPU.Build.0 = Release|Any CPU
		{8B9709AB-914B-4254-941D-83C86952C2A3}.Debug|Any CPU.ActiveCfg = Debug|Any CPU
		{8B9709AB-914B-4254-941D-83C86952C2A3}.Debug|Any CPU.Build.0 = Debug|Any CPU
		{8B9709AB-914B-4254-941D-83C86952C2A3}.Release|Any CPU.ActiveCfg = Release|Any CPU
		{8B9709AB-914B-4254-941D-83C86952C2A3}.Release|Any CPU.Build.0 = Release|Any CPU
	EndGlobalSection
	GlobalSection(SolutionProperties) = preSolution
		HideSolutionNode = FALSE
	EndGlobalSection
EndGlobal
